
Microsoft Visual Studio Solution File, Format Version 12.00
# Visual Studio 15
VisualStudioVersion = 15.0.28307.779
MinimumVisualStudioVersion = 10.0.40219.1
Project("{8BC9CEB8-8B4A-11D0-8D11-00A0C91BC942}") = "qsv", "qsv\qsv.vcxproj", "{BC37FD7A-0C0E-4F1E-9D43-B3F3286730A8}"
EndProject
Global
	GlobalSection(SolutionConfigurationPlatforms) = preSolution
		Debug|x64 = Debug|x64
		Debug|x86 = Debug|x86
		Release|x64 = Release|x64
		Release|x86 = Release|x86
	EndGlobalSection
	GlobalSection(ProjectConfigurationPlatforms) = postSolution
		{BC37FD7A-0C0E-4F1E-9D43-B3F3286730A8}.Debug|x64.ActiveCfg = Debug|x64
		{BC37FD7A-0C0E-4F1E-9D43-B3F3286730A8}.Debug|x64.Build.0 = Debug|x64
		{BC37FD7A-0C0E-4F1E-9D43-B3F3286730A8}.Debug|x86.ActiveCfg = Debug|Win32
		{BC37FD7A-0C0E-4F1E-9D43-B3F3286730A8}.Debug|x86.Build.0 = Debug|Win32
		{BC37FD7A-0C0E-4F1E-9D43-B3F3286730A8}.Release|x64.ActiveCfg = Release|x64
		{BC37FD7A-0C0E-4F1E-9D43-B3F3286730A8}.Release|x64.Build.0 = Release|x64
		{BC37FD7A-0C0E-4F1E-9D43-B3F3286730A8}.Release|x86.ActiveCfg = Release|Win32
		{BC37FD7A-0C0E-4F1E-9D43-B3F3286730A8}.Release|x86.Build.0 = Release|Win32
	EndGlobalSection
	GlobalSection(SolutionProperties) = preSolution
		HideSolutionNode = FALSE
	EndGlobalSection
	GlobalSection(ExtensibilityGlobals) = postSolution
		SolutionGuid = {4F7A1C57-B3AF-49A1-991E-9C3A161A8E17}
	EndGlobalSection
EndGlobal
